
Microsoft Visual Studio Solution File, Format Version 12.00
# Visual Studio Version 17
VisualStudioVersion = 17.0.31903.59
MinimumVisualStudioVersion = 10.0.40219.1
Project("{2150E333-8FDC-42A3-9474-1A3956D46DE8}") = "src", "src", "{CA5A749C-1129-4621-BA9B-4E26BCA0530B}"
EndProject
Project("{2150E333-8FDC-42A3-9474-1A3956D46DE8}") = "BuildingBlocks", "BuildingBlocks", "{B1D341D9-7ED5-4F69-B2A4-771E806C95AB}"
EndProject
Project("{FAE04EC0-301F-11D3-BF4B-00C04F79EFBC}") = "MeroSwasthya.Shared", "src\BuildingBlocks\MeroSwasthya.Shared\MeroSwasthya.Shared.csproj", "{2B7BD8DA-4A4B-4268-B29F-3FF966753218}"
EndProject
Project("{FAE04EC0-301F-11D3-BF4B-00C04F79EFBC}") = "MeroSwasthya.Api", "src\MeroSwasthya.Api\MeroSwasthya.Api.csproj", "{3924124D-5BE8-432A-84A5-58C0FAAC5218}"
EndProject
Project("{2150E333-8FDC-42A3-9474-1A3956D46DE8}") = "Modules", "Modules", "{29B81D9C-C4AB-4615-AFFB-D0BFDC7CFDD5}"
EndProject
Project("{2150E333-8FDC-42A3-9474-1A3956D46DE8}") = "Auth", "Auth", "{ADD537DB-CDA5-42C5-AB7A-8C750448B13C}"
EndProject
Project("{FAE04EC0-301F-11D3-BF4B-00C04F79EFBC}") = "MeroSwasthya.Modules.Auth", "src\Modules\Auth\MeroSwasthya.Modules.Auth\MeroSwasthya.Modules.Auth.csproj", "{35C02376-F2D4-4009-9543-0E16CD644A5C}"
EndProject
Project("{2150E333-8FDC-42A3-9474-1A3956D46DE8}") = "Catalog", "Catalog", "{D64FBB99-CBDF-452F-AD28-9F40644641C2}"
EndProject
Project("{FAE04EC0-301F-11D3-BF4B-00C04F79EFBC}") = "MeroSwasthya.Modules.Catalog", "src\Modules\Catalog\MeroSwasthya.Modules.Catalog\MeroSwasthya.Modules.Catalog.csproj", "{ABA71762-1AE9-4DF0-9288-360E8B7A68EB}"
EndProject
Project("{2150E333-8FDC-42A3-9474-1A3956D46DE8}") = "Clinical", "Clinical", "{48DFB059-38A6-403C-A5FD-E314BCBA8A84}"
EndProject
Project("{FAE04EC0-301F-11D3-BF4B-00C04F79EFBC}") = "MeroSwasthya.Modules.Clinical", "src\Modules\Clinical\MeroSwasthya.Modules.Clinical\MeroSwasthya.Modules.Clinical.csproj", "{B282C43D-6AB6-485E-BC16-32E6B51917A4}"
EndProject
Project("{2150E333-8FDC-42A3-9474-1A3956D46DE8}") = "Grants", "Grants", "{47FA3612-349F-4A6F-AA20-1015F7048040}"
EndProject
Project("{FAE04EC0-301F-11D3-BF4B-00C04F79EFBC}") = "MeroSwasthya.Modules.Grants", "src\Modules\Grants\MeroSwasthya.Modules.Grants\MeroSwasthya.Modules.Grants.csproj", "{4E25F0D3-8C3B-400E-AAA8-242D3C1ED816}"
EndProject
Project("{2150E333-8FDC-42A3-9474-1A3956D46DE8}") = "Maternal", "Maternal", "{B73F25EF-AFDF-4091-87D8-F76F5D780E9E}"
EndProject
Project("{FAE04EC0-301F-11D3-BF4B-00C04F79EFBC}") = "MeroSwasthya.Modules.Maternal", "src\Modules\Maternal\MeroSwasthya.Modules.Maternal\MeroSwasthya.Modules.Maternal.csproj", "{E22506B0-D567-42A2-B37A-3681802B049D}"
EndProject
Project("{2150E333-8FDC-42A3-9474-1A3956D46DE8}") = "Patients", "Patients", "{1579BDB4-3F42-4C86-B485-EA17F257E9C5}"
EndProject
Project("{FAE04EC0-301F-11D3-BF4B-00C04F79EFBC}") = "MeroSwasthya.Modules.Patients", "src\Modules\Patients\MeroSwasthya.Modules.Patients\MeroSwasthya.Modules.Patients.csproj", "{5564695A-8587-4261-B53F-5504A85BC5A5}"
EndProject
Project("{2150E333-8FDC-42A3-9474-1A3956D46DE8}") = "Reminders", "Reminders", "{851CC5E2-38C4-4E2D-86F6-7058D1F25720}"
EndProject
Project("{FAE04EC0-301F-11D3-BF4B-00C04F79EFBC}") = "MeroSwasthya.Modules.Reminders", "src\Modules\Reminders\MeroSwasthya.Modules.Reminders\MeroSwasthya.Modules.Reminders.csproj", "{5A0083E8-CEF6-48DB-9709-2F3A341C8C34}"
EndProject
Project("{2150E333-8FDC-42A3-9474-1A3956D46DE8}") = "Sync", "Sync", "{7203D99A-525B-4616-9EA8-8C08E2D6D3F2}"
EndProject
Project("{FAE04EC0-301F-11D3-BF4B-00C04F79EFBC}") = "MeroSwasthya.Modules.Sync", "src\Modules\Sync\MeroSwasthya.Modules.Sync\MeroSwasthya.Modules.Sync.csproj", "{0A3CDFF1-5AAE-4F58-AE96-5039AAFCF9F7}"
EndProject
Project("{2150E333-8FDC-42A3-9474-1A3956D46DE8}") = "tests", "tests", "{2D2D6565-4DFE-4CE4-A746-0DC4A90FC36F}"
EndProject
Project("{FAE04EC0-301F-11D3-BF4B-00C04F79EFBC}") = "MeroSwasthya.ContractTests", "tests\MeroSwasthya.ContractTests\MeroSwasthya.ContractTests.csproj", "{E34A8952-A78A-4306-820D-1C78DFBCD645}"
EndProject
Project("{FAE04EC0-301F-11D3-BF4B-00C04F79EFBC}") = "MeroSwasthya.UnitTests", "tests\MeroSwasthya.UnitTests\MeroSwasthya.UnitTests.csproj", "{3FD548AA-7133-423E-891F-B89AE4A33D27}"
EndProject
Project("{2150E333-8FDC-42A3-9474-1A3956D46DE8}") = "Audit", "Audit", "{937BBABE-A4C5-488D-B013-6D39E41512A0}"
EndProject
Project("{FAE04EC0-301F-11D3-BF4B-00C04F79EFBC}") = "MeroSwasthya.Modules.Audit", "src\Modules\Audit\MeroSwasthya.Modules.Audit\MeroSwasthya.Modules.Audit.csproj", "{ABC22F9D-E50D-4D0C-AD29-C30F731E17D5}"
EndProject
Global
	GlobalSection(SolutionConfigurationPlatforms) = preSolution
		Debug|Any CPU = Debug|Any CPU
		Release|Any CPU = Release|Any CPU
	EndGlobalSection
	GlobalSection(SolutionProperties) = preSolution
		HideSolutionNode = FALSE
	EndGlobalSection
	GlobalSection(ProjectConfigurationPlatforms) = postSolution
		{2B7BD8DA-4A4B-4268-B29F-3FF966753218}.Debug|Any CPU.ActiveCfg = Debug|Any CPU
		{2B7BD8DA-4A4B-4268-B29F-3FF966753218}.Debug|Any CPU.Build.0 = Debug|Any CPU
		{2B7BD8DA-4A4B-4268-B29F-3FF966753218}.Release|Any CPU.ActiveCfg = Release|Any CPU
		{2B7BD8DA-4A4B-4268-B29F-3FF966753218}.Release|Any CPU.Build.0 = Release|Any CPU
		{3924124D-5BE8-432A-84A5-58C0FAAC5218}.Debug|Any CPU.ActiveCfg = Debug|Any CPU
		{3924124D-5BE8-432A-84A5-58C0FAAC5218}.Debug|Any CPU.Build.0 = Debug|Any CPU
		{3924124D-5BE8-432A-84A5-58C0FAAC5218}.Release|Any CPU.ActiveCfg = Release|Any CPU
		{3924124D-5BE8-432A-84A5-58C0FAAC5218}.Release|Any CPU.Build.0 = Release|Any CPU
		{35C02376-F2D4-4009-9543-0E16CD644A5C}.Debug|Any CPU.ActiveCfg = Debug|Any CPU
		{35C02376-F2D4-4009-9543-0E16CD644A5C}.Debug|Any CPU.Build.0 = Debug|Any CPU
		{35C02376-F2D4-4009-9543-0E16CD644A5C}.Release|Any CPU.ActiveCfg = Release|Any CPU
		{35C02376-F2D4-4009-9543-0E16CD644A5C}.Release|Any CPU.Build.0 = Release|Any CPU
		{ABA71762-1AE9-4DF0-9288-360E8B7A68EB}.Debug|Any CPU.ActiveCfg = Debug|Any CPU
		{ABA71762-1AE9-4DF0-9288-360E8B7A68EB}.Debug|Any CPU.Build.0 = Debug|Any CPU
		{ABA71762-1AE9-4DF0-9288-360E8B7A68EB}.Release|Any CPU.ActiveCfg = Release|Any CPU
		{ABA71762-1AE9-4DF0-9288-360E8B7A68EB}.Release|Any CPU.Build.0 = Release|Any CPU
		{B282C43D-6AB6-485E-BC16-32E6B51917A4}.Debug|Any CPU.ActiveCfg = Debug|Any CPU
		{B282C43D-6AB6-485E-BC16-32E6B51917A4}.Debug|Any CPU.Build.0 = Debug|Any CPU
		{B282C43D-6AB6-485E-BC16-32E6B51917A4}.Release|Any CPU.ActiveCfg = Release|Any CPU
		{B282C43D-6AB6-485E-BC16-32E6B51917A4}.Release|Any CPU.Build.0 = Release|Any CPU
		{4E25F0D3-8C3B-400E-AAA8-242D3C1ED816}.Debug|Any CPU.ActiveCfg = Debug|Any CPU
		{4E25F0D3-8C3B-400E-AAA8-242D3C1ED816}.Debug|Any CPU.Build.0 = Debug|Any CPU
		{4E25F0D3-8C3B-400E-AAA8-242D3C1ED816}.Release|Any CPU.ActiveCfg = Release|Any CPU
		{4E25F0D3-8C3B-400E-AAA8-242D3C1ED816}.Release|Any CPU.Build.0 = Release|Any CPU
		{E22506B0-D567-42A2-B37A-3681802B049D}.Debug|Any CPU.ActiveCfg = Debug|Any CPU
		{E22506B0-D567-42A2-B37A-3681802B049D}.Debug|Any CPU.Build.0 = Debug|Any CPU
		{E22506B0-D567-42A2-B37A-3681802B049D}.Release|Any CPU.ActiveCfg = Release|Any CPU
		{E22506B0-D567-42A2-B37A-3681802B049D}.Release|Any CPU.Build.0 = Release|Any CPU
		{5564695A-8587-4261-B53F-5504A85BC5A5}.Debug|Any CPU.ActiveCfg = Debug|Any CPU
		{5564695A-8587-4261-B53F-5504A85BC5A5}.Debug|Any CPU.Build.0 = Debug|Any CPU
		{5564695A-8587-4261-B53F-5504A85BC5A5}.Release|Any CPU.ActiveCfg = Release|Any CPU
		{5564695A-8587-4261-B53F-5504A85BC5A5}.Release|Any CPU.Build.0 = Release|Any CPU
		{5A0083E8-CEF6-48DB-9709-2F3A341C8C34}.Debug|Any CPU.ActiveCfg = Debug|Any CPU
		{5A0083E8-CEF6-48DB-9709-2F3A341C8C34}.Debug|Any CPU.Build.0 = Debug|Any CPU
		{5A0083E8-CEF6-48DB-9709-2F3A341C8C34}.Release|Any CPU.ActiveCfg = Release|Any CPU
		{5A0083E8-CEF6-48DB-9709-2F3A341C8C34}.Release|Any CPU.Build.0 = Release|Any CPU
		{0A3CDFF1-5AAE-4F58-AE96-5039AAFCF9F7}.Debug|Any CPU.ActiveCfg = Debug|Any CPU
		{0A3CDFF1-5AAE-4F58-AE96-5039AAFCF9F7}.Debug|Any CPU.Build.0 = Debug|Any CPU
		{0A3CDFF1-5AAE-4F58-AE96-5039AAFCF9F7}.Release|Any CPU.ActiveCfg = Release|Any CPU
		{0A3CDFF1-5AAE-4F58-AE96-5039AAFCF9F7}.Release|Any CPU.Build.0 = Release|Any CPU
		{E34A8952-A78A-4306-820D-1C78DFBCD645}.Debug|Any CPU.ActiveCfg = Debug|Any CPU
		{E34A8952-A78A-4306-820D-1C78DFBCD645}.Debug|Any CPU.Build.0 = Debug|Any CPU
		{E34A8952-A78A-4306-820D-1C78DFBCD645}.Release|Any CPU.ActiveCfg = Release|Any CPU
		{E34A8952-A78A-4306-820D-1C78DFBCD645}.Release|Any CPU.Build.0 = Release|Any CPU
		{3FD548AA-7133-423E-891F-B89AE4A33D27}.Debug|Any CPU.ActiveCfg = Debug|Any CPU
		{3FD548AA-7133-423E-891F-B89AE4A33D27}.Debug|Any CPU.Build.0 = Debug|Any CPU
		{3FD548AA-7133-423E-891F-B89AE4A33D27}.Release|Any CPU.ActiveCfg = Release|Any CPU
		{3FD548AA-7133-423E-891F-B89AE4A33D27}.Release|Any CPU.Build.0 = Release|Any CPU
		{ABC22F9D-E50D-4D0C-AD29-C30F731E17D5}.Debug|Any CPU.ActiveCfg = Debug|Any CPU
		{ABC22F9D-E50D-4D0C-AD29-C30F731E17D5}.Debug|Any CPU.Build.0 = Debug|Any CPU
		{ABC22F9D-E50D-4D0C-AD29-C30F731E17D5}.Release|Any CPU.ActiveCfg = Release|Any CPU
		{ABC22F9D-E50D-4D0C-AD29-C30F731E17D5}.Release|Any CPU.Build.0 = Release|Any CPU
	EndGlobalSection
	GlobalSection(NestedProjects) = preSolution
		{B1D341D9-7ED5-4F69-B2A4-771E806C95AB} = {CA5A749C-1129-4621-BA9B-4E26BCA0530B}
		{2B7BD8DA-4A4B-4268-B29F-3FF966753218} = {B1D341D9-7ED5-4F69-B2A4-771E806C95AB}
		{3924124D-5BE8-432A-84A5-58C0FAAC5218} = {CA5A749C-1129-4621-BA9B-4E26BCA0530B}
		{29B81D9C-C4AB-4615-AFFB-D0BFDC7CFDD5} = {CA5A749C-1129-4621-BA9B-4E26BCA0530B}
		{ADD537DB-CDA5-42C5-AB7A-8C750448B13C} = {29B81D9C-C4AB-4615-AFFB-D0BFDC7CFDD5}
		{35C02376-F2D4-4009-9543-0E16CD644A5C} = {ADD537DB-CDA5-42C5-AB7A-8C750448B13C}
		{D64FBB99-CBDF-452F-AD28-9F40644641C2} = {29B81D9C-C4AB-4615-AFFB-D0BFDC7CFDD5}
		{ABA71762-1AE9-4DF0-9288-360E8B7A68EB} = {D64FBB99-CBDF-452F-AD28-9F40644641C2}
		{48DFB059-38A6-403C-A5FD-E314BCBA8A84} = {29B81D9C-C4AB-4615-AFFB-D0BFDC7CFDD5}
		{B282C43D-6AB6-485E-BC16-32E6B51917A4} = {48DFB059-38A6-403C-A5FD-E314BCBA8A84}
		{47FA3612-349F-4A6F-AA20-1015F7048040} = {29B81D9C-C4AB-4615-AFFB-D0BFDC7CFDD5}
		{4E25F0D3-8C3B-400E-AAA8-242D3C1ED816} = {47FA3612-349F-4A6F-AA20-1015F7048040}
		{B73F25EF-AFDF-4091-87D8-F76F5D780E9E} = {29B81D9C-C4AB-4615-AFFB-D0BFDC7CFDD5}
		{E22506B0-D567-42A2-B37A-3681802B049D} = {B73F25EF-AFDF-4091-87D8-F76F5D780E9E}
		{1579BDB4-3F42-4C86-B485-EA17F257E9C5} = {29B81D9C-C4AB-4615-AFFB-D0BFDC7CFDD5}
		{5564695A-8587-4261-B53F-5504A85BC5A5} = {1579BDB4-3F42-4C86-B485-EA17F257E9C5}
		{851CC5E2-38C4-4E2D-86F6-7058D1F25720} = {29B81D9C-C4AB-4615-AFFB-D0BFDC7CFDD5}
		{5A0083E8-CEF6-48DB-9709-2F3A341C8C34} = {851CC5E2-38C4-4E2D-86F6-7058D1F25720}
		{7203D99A-525B-4616-9EA8-8C08E2D6D3F2} = {29B81D9C-C4AB-4615-AFFB-D0BFDC7CFDD5}
		{0A3CDFF1-5AAE-4F58-AE96-5039AAFCF9F7} = {7203D99A-525B-4616-9EA8-8C08E2D6D3F2}
		{E34A8952-A78A-4306-820D-1C78DFBCD645} = {2D2D6565-4DFE-4CE4-A746-0DC4A90FC36F}
		{3FD548AA-7133-423E-891F-B89AE4A33D27} = {2D2D6565-4DFE-4CE4-A746-0DC4A90FC36F}
		{937BBABE-A4C5-488D-B013-6D39E41512A0} = {29B81D9C-C4AB-4615-AFFB-D0BFDC7CFDD5}
		{ABC22F9D-E50D-4D0C-AD29-C30F731E17D5} = {937BBABE-A4C5-488D-B013-6D39E41512A0}
	EndGlobalSection
EndGlobal
